
Microsoft Visual Studio Solution File, Format Version 12.00
# Visual Studio 14
VisualStudioVersion = 14.0.25420.1
MinimumVisualStudioVersion = 10.0.40219.1
Project("{8BB2217D-0F2D-49D1-97BC-3654ED321F3B}") = "Elohim.API", "Elohim.API\Elohim.API.xproj", "{2FB14909-A79F-4E27-80E0-444FC49A22E9}"
EndProject
Project("{8BB2217D-0F2D-49D1-97BC-3654ED321F3B}") = "Elohim.Data", "Elohim.Data\Elohim.Data.xproj", "{F0EF7761-7EDC-4042-B237-A75AA2E189D6}"
EndProject
Project("{8BB2217D-0F2D-49D1-97BC-3654ED321F3B}") = "Elohim.Model", "Elohim.Model\Elohim.Model.xproj", "{B2C366CD-DF08-4652-BB5F-910ABC8AAD34}"
EndProject
Global
	GlobalSection(SolutionConfigurationPlatforms) = preSolution
		Debug|Any CPU = Debug|Any CPU
		Release|Any CPU = Release|Any CPU
	EndGlobalSection
	GlobalSection(ProjectConfigurationPlatforms) = postSolution
		{2FB14909-A79F-4E27-80E0-444FC49A22E9}.Debug|Any CPU.ActiveCfg = Debug|Any CPU
		{2FB14909-A79F-4E27-80E0-444FC49A22E9}.Debug|Any CPU.Build.0 = Debug|Any CPU
		{2FB14909-A79F-4E27-80E0-444FC49A22E9}.Release|Any CPU.ActiveCfg = Release|Any CPU
		{2FB14909-A79F-4E27-80E0-444FC49A22E9}.Release|Any CPU.Build.0 = Release|Any CPU
		{F0EF7761-7EDC-4042-B237-A75AA2E189D6}.Debug|Any CPU.ActiveCfg = Debug|Any CPU
		{F0EF7761-7EDC-4042-B237-A75AA2E189D6}.Debug|Any CPU.Build.0 = Debug|Any CPU
		{F0EF7761-7EDC-4042-B237-A75AA2E189D6}.Release|Any CPU.ActiveCfg = Release|Any CPU
		{F0EF7761-7EDC-4042-B237-A75AA2E189D6}.Release|Any CPU.Build.0 = Release|Any CPU
		{B2C366CD-DF08-4652-BB5F-910ABC8AAD34}.Debug|Any CPU.ActiveCfg = Debug|Any CPU
		{B2C366CD-DF08-4652-BB5F-910ABC8AAD34}.Debug|Any CPU.Build.0 = Debug|Any CPU
		{B2C366CD-DF08-4652-BB5F-910ABC8AAD34}.Release|Any CPU.ActiveCfg = Release|Any CPU
		{B2C366CD-DF08-4652-BB5F-910ABC8AAD34}.Release|Any CPU.Build.0 = Release|Any CPU
	EndGlobalSection
	GlobalSection(SolutionProperties) = preSolution
		HideSolutionNode = FALSE
	EndGlobalSection
EndGlobal
